
Microsoft Visual Studio Solution File, Format Version 12.00
# Visual Studio Version 17
VisualStudioVersion = 17.7.34031.279
MinimumVisualStudioVersion = 10.0.40219.1
Project("{FAE04EC0-301F-11D3-BF4B-00C04F79EFBC}") = "classlesson 25 09 23", "classlesson 25 09 23.csproj", "{3506FFD1-4208-4110-9F13-1F5B757719B2}"
EndProject
Global
	GlobalSection(SolutionConfigurationPlatforms) = preSolution
		Debug|Any CPU = Debug|Any CPU
		Release|Any CPU = Release|Any CPU
	EndGlobalSection
	GlobalSection(ProjectConfigurationPlatforms) = postSolution
		{3506FFD1-4208-4110-9F13-1F5B757719B2}.Debug|Any CPU.ActiveCfg = Debug|Any CPU
		{3506FFD1-4208-4110-9F13-1F5B757719B2}.Debug|Any CPU.Build.0 = Debug|Any CPU
		{3506FFD1-4208-4110-9F13-1F5B757719B2}.Release|Any CPU.ActiveCfg = Release|Any CPU
		{3506FFD1-4208-4110-9F13-1F5B757719B2}.Release|Any CPU.Build.0 = Release|Any CPU
	EndGlobalSection
	GlobalSection(SolutionProperties) = preSolution
		HideSolutionNode = FALSE
	EndGlobalSection
	GlobalSection(ExtensibilityGlobals) = postSolution
		SolutionGuid = {81E00873-0827-4A92-8D68-80E767A60796}
	EndGlobalSection
EndGlobal
